{
  "nodes": {
    "nix-flatpak": {
      "locked": {
        "lastModified": 1754777568,
        "narHash": "sha256-0bBqT+3XncgF8F03RFAamw9vdf0VmaDoIJLTGkjfQZs=",
        "owner": "gmodena",
        "repo": "nix-flatpak",
        "rev": "62f636b87ef6050760a8cb325cadb90674d1e23e",
        "type": "github"
      },
      "original": {
        "owner": "gmodena",
        "repo": "nix-flatpak",
        "type": "github"
      }
    },
    "nixpkgs": {
      "locked": {
        "lastModified": 1759735786,
        "narHash": "sha256-a0+h02lyP2KwSNrZz4wLJTu9ikujNsTWIC874Bv7IJ0=",
        "owner": "NixOS",
        "repo": "nixpkgs",
        "rev": "20c4598c84a671783f741e02bf05cbfaf4907cff",
        "type": "github"
      },
      "original": {
        "owner": "NixOS",
        "ref": "nixos-25.05",
        "repo": "nixpkgs",
        "type": "github"
      }
    },
    "nixpkgs-unstable": {
      "locked": {
        "lastModified": 1759733170,
        "narHash": "sha256-TXnlsVb5Z8HXZ6mZoeOAIwxmvGHp1g4Dw89eLvIwKVI=",
        "owner": "NixOS",
        "repo": "nixpkgs",
        "rev": "8913c168d1c56dc49a7718685968f38752171c3b",
        "type": "github"
      },
      "original": {
        "owner": "NixOS",
        "ref": "nixos-unstable",
        "repo": "nixpkgs",
        "type": "github"
      }
    },
    "root": {
      "inputs": {
        "nix-flatpak": "nix-flatpak",
        "nixpkgs": "nixpkgs",
        "nixpkgs-unstable": "nixpkgs-unstable"
      }
    }
  },
  "root": "root",
  "version": 7
}
